
Microsoft Visual Studio Solution File, Format Version 12.00
# Visual Studio Version 17
VisualStudioVersion = 17.5.33530.505
MinimumVisualStudioVersion = 10.0.40219.1
Project("{9A19103F-16F7-4668-BE54-9A1E7A4F7556}") = "XHexEditor.Providers", "XHexEditor.Providers\XHexEditor.Providers.csproj", "{3CDC1F8D-8DF6-4D49-9ED0-211153B2E6C9}"
EndProject
Project("{9A19103F-16F7-4668-BE54-9A1E7A4F7556}") = "XHexEditor.Providers.Tests", "XHexEditor.Providers.Tests\XHexEditor.Providers.Tests.csproj", "{BB0EE35C-DA2D-4E1A-A49E-79C6A316BDBD}"
EndProject
Project("{9A19103F-16F7-4668-BE54-9A1E7A4F7556}") = "XHexEditor.Wpf", "XHexEditor.Wpf\XHexEditor.Wpf.csproj", "{86AF1F39-05E5-4398-9058-5AF8D727C11A}"
EndProject
Project("{FAE04EC0-301F-11D3-BF4B-00C04F79EFBC}") = "XHexEditor.Wpf.App", "XHexEditor.Wpf.App\XHexEditor.Wpf.App.csproj", "{1981A3C5-C19A-4DD2-8496-950D6F9B714D}"
EndProject
Global
	GlobalSection(SolutionConfigurationPlatforms) = preSolution
		Debug|Any CPU = Debug|Any CPU
		Release|Any CPU = Release|Any CPU
	EndGlobalSection
	GlobalSection(ProjectConfigurationPlatforms) = postSolution
		{3CDC1F8D-8DF6-4D49-9ED0-211153B2E6C9}.Debug|Any CPU.ActiveCfg = Debug|Any CPU
		{3CDC1F8D-8DF6-4D49-9ED0-211153B2E6C9}.Debug|Any CPU.Build.0 = Debug|Any CPU
		{3CDC1F8D-8DF6-4D49-9ED0-211153B2E6C9}.Release|Any CPU.ActiveCfg = Release|Any CPU
		{3CDC1F8D-8DF6-4D49-9ED0-211153B2E6C9}.Release|Any CPU.Build.0 = Release|Any CPU
		{BB0EE35C-DA2D-4E1A-A49E-79C6A316BDBD}.Debug|Any CPU.ActiveCfg = Debug|Any CPU
		{BB0EE35C-DA2D-4E1A-A49E-79C6A316BDBD}.Debug|Any CPU.Build.0 = Debug|Any CPU
		{BB0EE35C-DA2D-4E1A-A49E-79C6A316BDBD}.Release|Any CPU.ActiveCfg = Release|Any CPU
		{BB0EE35C-DA2D-4E1A-A49E-79C6A316BDBD}.Release|Any CPU.Build.0 = Release|Any CPU
		{86AF1F39-05E5-4398-9058-5AF8D727C11A}.Debug|Any CPU.ActiveCfg = Debug|Any CPU
		{86AF1F39-05E5-4398-9058-5AF8D727C11A}.Debug|Any CPU.Build.0 = Debug|Any CPU
		{86AF1F39-05E5-4398-9058-5AF8D727C11A}.Release|Any CPU.ActiveCfg = Release|Any CPU
		{86AF1F39-05E5-4398-9058-5AF8D727C11A}.Release|Any CPU.Build.0 = Release|Any CPU
		{1981A3C5-C19A-4DD2-8496-950D6F9B714D}.Debug|Any CPU.ActiveCfg = Debug|Any CPU
		{1981A3C5-C19A-4DD2-8496-950D6F9B714D}.Debug|Any CPU.Build.0 = Debug|Any CPU
		{1981A3C5-C19A-4DD2-8496-950D6F9B714D}.Release|Any CPU.ActiveCfg = Release|Any CPU
		{1981A3C5-C19A-4DD2-8496-950D6F9B714D}.Release|Any CPU.Build.0 = Release|Any CPU
	EndGlobalSection
	GlobalSection(SolutionProperties) = preSolution
		HideSolutionNode = FALSE
	EndGlobalSection
	GlobalSection(ExtensibilityGlobals) = postSolution
		SolutionGuid = {5FBCBDCA-583F-4653-A69B-63C08D55BD8B}
	EndGlobalSection
EndGlobal
